
Microsoft Visual Studio Solution File, Format Version 12.00
# Visual Studio Version 17
VisualStudioVersion = 17.14.36623.8 d17.14
MinimumVisualStudioVersion = 10.0.40219.1
Project("{FAE04EC0-301F-11D3-BF4B-00C04F79EFBC}") = "SistemaGestion.Datos", "SistemaGestion.Datos\SistemaGestion.Datos.csproj", "{2AC1A613-41A9-4F9C-BD2E-391BD1D06A03}"
EndProject
Project("{FAE04EC0-301F-11D3-BF4B-00C04F79EFBC}") = "SistemaGestion.Logica", "SistemaGestion.Logica\SistemaGestion.Logica.csproj", "{4481CC03-3524-4AF9-A018-D033182C332E}"
EndProject
Global
	GlobalSection(SolutionConfigurationPlatforms) = preSolution
		Debug|Any CPU = Debug|Any CPU
		Release|Any CPU = Release|Any CPU
	EndGlobalSection
	GlobalSection(ProjectConfigurationPlatforms) = postSolution
		{2AC1A613-41A9-4F9C-BD2E-391BD1D06A03}.Debug|Any CPU.ActiveCfg = Debug|Any CPU
		{2AC1A613-41A9-4F9C-BD2E-391BD1D06A03}.Debug|Any CPU.Build.0 = Debug|Any CPU
		{2AC1A613-41A9-4F9C-BD2E-391BD1D06A03}.Release|Any CPU.ActiveCfg = Release|Any CPU
		{2AC1A613-41A9-4F9C-BD2E-391BD1D06A03}.Release|Any CPU.Build.0 = Release|Any CPU
		{4481CC03-3524-4AF9-A018-D033182C332E}.Debug|Any CPU.ActiveCfg = Debug|Any CPU
		{4481CC03-3524-4AF9-A018-D033182C332E}.Debug|Any CPU.Build.0 = Debug|Any CPU
		{4481CC03-3524-4AF9-A018-D033182C332E}.Release|Any CPU.ActiveCfg = Release|Any CPU
		{4481CC03-3524-4AF9-A018-D033182C332E}.Release|Any CPU.Build.0 = Release|Any CPU
	EndGlobalSection
	GlobalSection(SolutionProperties) = preSolution
		HideSolutionNode = FALSE
	EndGlobalSection
	GlobalSection(ExtensibilityGlobals) = postSolution
		SolutionGuid = {7355AD5E-C4EB-4926-B406-8E2B759FE2B2}
	EndGlobalSection
EndGlobal
